// !$*UTF8*$!
{
	archiveVersion = 1;
	classes = {
	};
	objectVersion = 46;
	objects = {

/* Begin PBXBuildFile section */
		51563B7A1A16CC7F00E2DE36 /* ActionButtons.m in Sources */ = {isa = PBXBuildFile; fileRef = 51563B791A16CC7F00E2DE36 /* ActionButtons.m */; };
		51563B7D1A16D13D00E2DE36 /* Logic.m in Sources */ = {isa = PBXBuildFile; fileRef = 51563B7C1A16D13D00E2DE36 /* Logic.m */; };
		51563B811A178D1200E2DE36 /* NSString_URLEncode.m in Sources */ = {isa = PBXBuildFile; fileRef = 51563B801A178D1200E2DE36 /* NSString_URLEncode.m */; };
		5167150D1A13BF9700308E31 /* KeyManager.m in Sources */ = {isa = PBXBuildFile; fileRef = 5167150C1A13BF9700308E31 /* KeyManager.m */; };
		516715101A13C11700308E31 /* Key.m in Sources */ = {isa = PBXBuildFile; fileRef = 5167150F1A13C11700308E31 /* Key.m */; };
		517EE6B11A13FA0200434035 /* libcrypto.a in Frameworks */ = {isa = PBXBuildFile; fileRef = 517EE6AF1A13FA0200434035 /* libcrypto.a */; };
		517EE6B21A13FA0200434035 /* libssl.a in Frameworks */ = {isa = PBXBuildFile; fileRef = 517EE6B01A13FA0200434035 /* libssl.a */; };
		517EE7241A1433DF00434035 /* libbz2.dylib in Frameworks */ = {isa = PBXBuildFile; fileRef = 517EE7231A1433DF00434035 /* libbz2.dylib */; };
		517EE7271A14341E00434035 /* libz.dylib in Frameworks */ = {isa = PBXBuildFile; fileRef = 517EE7251A1433F500434035 /* libz.dylib */; };
		51A245501A3E0DB800529EE7 /* ViewControllerNewKey.m in Sources */ = {isa = PBXBuildFile; fileRef = 51A2454F1A3E0DB800529EE7 /* ViewControllerNewKey.m */; };
		51A245531A3E165F00529EE7 /* KeyFactory.m in Sources */ = {isa = PBXBuildFile; fileRef = 51A245521A3E165F00529EE7 /* KeyFactory.m */; };
		51C0B53E1A13EECA00CBFF19 /* ViewControllerKeyList.m in Sources */ = {isa = PBXBuildFile; fileRef = 51C0B53D1A13EECA00CBFF19 /* ViewControllerKeyList.m */; };
		51F612CC1A0FA41D00C55B19 /* main.m in Sources */ = {isa = PBXBuildFile; fileRef = 51F612CB1A0FA41D00C55B19 /* main.m */; };
		51F612CF1A0FA41D00C55B19 /* AppDelegate.m in Sources */ = {isa = PBXBuildFile; fileRef = 51F612CE1A0FA41D00C55B19 /* AppDelegate.m */; };
		51F612D21A0FA41D00C55B19 /* ViewControllerHelpScene.m in Sources */ = {isa = PBXBuildFile; fileRef = 51F612D11A0FA41D00C55B19 /* ViewControllerHelpScene.m */; };
		51F612D51A0FA41D00C55B19 /* Main.storyboard in Resources */ = {isa = PBXBuildFile; fileRef = 51F612D31A0FA41D00C55B19 /* Main.storyboard */; };
		51F612D71A0FA41D00C55B19 /* Images.xcassets in Resources */ = {isa = PBXBuildFile; fileRef = 51F612D61A0FA41D00C55B19 /* Images.xcassets */; };
		51F612DA1A0FA41D00C55B19 /* LaunchScreen.xib in Resources */ = {isa = PBXBuildFile; fileRef = 51F612D81A0FA41D00C55B19 /* LaunchScreen.xib */; };
		51F612F31A10371400C55B19 /* ViewControllerServerList.m in Sources */ = {isa = PBXBuildFile; fileRef = 51F612F21A10371400C55B19 /* ViewControllerServerList.m */; };
		51F612F61A10398D00C55B19 /* ServerManager.m in Sources */ = {isa = PBXBuildFile; fileRef = 51F612F51A10398D00C55B19 /* ServerManager.m */; };
		51F612FC1A103B0300C55B19 /* Server.m in Sources */ = {isa = PBXBuildFile; fileRef = 51F612FB1A103B0300C55B19 /* Server.m */; };
		51F612FF1A10466F00C55B19 /* ViewControllerServerEditor.m in Sources */ = {isa = PBXBuildFile; fileRef = 51F612FE1A10466F00C55B19 /* ViewControllerServerEditor.m */; };
		51F613011A1052A100C55B19 /* libObjectivePGP.a in Frameworks */ = {isa = PBXBuildFile; fileRef = 51F613001A1052A100C55B19 /* libObjectivePGP.a */; };
/* End PBXBuildFile section */

/* Begin PBXContainerItemProxy section */
		51F612E01A0FA41D00C55B19 /* PBXContainerItemProxy */ = {
			isa = PBXContainerItemProxy;
			containerPortal = 51F612BE1A0FA41D00C55B19 /* Project object */;
			proxyType = 1;
			remoteGlobalIDString = 51F612C51A0FA41D00C55B19;
			remoteInfo = PGPAuth;
		};
/* End PBXContainerItemProxy section */

/* Begin PBXFileReference section */
		51563B781A16CC7F00E2DE36 /* ActionButtons.h */ = {isa = PBXFileReference; fileEncoding = 4; lastKnownFileType = sourcecode.c.h; path = ActionButtons.h; sourceTree = "<group>"; };
		51563B791A16CC7F00E2DE36 /* ActionButtons.m */ = {isa = PBXFileReference; fileEncoding = 4; lastKnownFileType = sourcecode.c.objc; path = ActionButtons.m; sourceTree = "<group>"; };
		51563B7B1A16D13D00E2DE36 /* Logic.h */ = {isa = PBXFileReference; fileEncoding = 4; lastKnownFileType = sourcecode.c.h; path = Logic.h; sourceTree = "<group>"; };
		51563B7C1A16D13D00E2DE36 /* Logic.m */ = {isa = PBXFileReference; fileEncoding = 4; lastKnownFileType = sourcecode.c.objc; path = Logic.m; sourceTree = "<group>"; };
		51563B801A178D1200E2DE36 /* NSString_URLEncode.m */ = {isa = PBXFileReference; fileEncoding = 4; lastKnownFileType = sourcecode.c.objc; path = NSString_URLEncode.m; sourceTree = "<group>"; };
		51563B821A178D8B00E2DE36 /* NSString_URLEncode.h */ = {isa = PBXFileReference; lastKnownFileType = sourcecode.c.h; path = NSString_URLEncode.h; sourceTree = "<group>"; };
		5167150B1A13BF9700308E31 /* KeyManager.h */ = {isa = PBXFileReference; fileEncoding = 4; lastKnownFileType = sourcecode.c.h; path = KeyManager.h; sourceTree = "<group>"; };
		5167150C1A13BF9700308E31 /* KeyManager.m */ = {isa = PBXFileReference; fileEncoding = 4; lastKnownFileType = sourcecode.c.objc; path = KeyManager.m; sourceTree = "<group>"; };
		5167150E1A13C11700308E31 /* Key.h */ = {isa = PBXFileReference; fileEncoding = 4; lastKnownFileType = sourcecode.c.h; path = Key.h; sourceTree = "<group>"; };
		5167150F1A13C11700308E31 /* Key.m */ = {isa = PBXFileReference; fileEncoding = 4; lastKnownFileType = sourcecode.c.objc; path = Key.m; sourceTree = "<group>"; };
		517EE6AF1A13FA0200434035 /* libcrypto.a */ = {isa = PBXFileReference; lastKnownFileType = archive.ar; name = libcrypto.a; path = "../../OpenSSL-master/lib-ios/libcrypto.a"; sourceTree = "<group>"; };
		517EE6B01A13FA0200434035 /* libssl.a */ = {isa = PBXFileReference; lastKnownFileType = archive.ar; name = libssl.a; path = "../../OpenSSL-master/lib-ios/libssl.a"; sourceTree = "<group>"; };
		517EE7231A1433DF00434035 /* libbz2.dylib */ = {isa = PBXFileReference; lastKnownFileType = "compiled.mach-o.dylib"; name = libbz2.dylib; path = usr/lib/libbz2.dylib; sourceTree = SDKROOT; };
		517EE7251A1433F500434035 /* libz.dylib */ = {isa = PBXFileReference; lastKnownFileType = "compiled.mach-o.dylib"; name = libz.dylib; path = usr/lib/libz.dylib; sourceTree = SDKROOT; };
		51A2454E1A3E0DB800529EE7 /* ViewControllerNewKey.h */ = {isa = PBXFileReference; fileEncoding = 4; lastKnownFileType = sourcecode.c.h; path = ViewControllerNewKey.h; sourceTree = "<group>"; };
		51A2454F1A3E0DB800529EE7 /* ViewControllerNewKey.m */ = {isa = PBXFileReference; fileEncoding = 4; lastKnownFileType = sourcecode.c.objc; path = ViewControllerNewKey.m; sourceTree = "<group>"; };
		51A245511A3E165F00529EE7 /* KeyFactory.h */ = {isa = PBXFileReference; fileEncoding = 4; lastKnownFileType = sourcecode.c.h; path = KeyFactory.h; sourceTree = "<group>"; };
		51A245521A3E165F00529EE7 /* KeyFactory.m */ = {isa = PBXFileReference; fileEncoding = 4; lastKnownFileType = sourcecode.c.objc; path = KeyFactory.m; sourceTree = "<group>"; };
		51C0B53C1A13EECA00CBFF19 /* ViewControllerKeyList.h */ = {isa = PBXFileReference; fileEncoding = 4; lastKnownFileType = sourcecode.c.h; path = ViewControllerKeyList.h; sourceTree = "<group>"; };
		51C0B53D1A13EECA00CBFF19 /* ViewControllerKeyList.m */ = {isa = PBXFileReference; fileEncoding = 4; lastKnownFileType = sourcecode.c.objc; path = ViewControllerKeyList.m; sourceTree = "<group>"; };
		51F612C61A0FA41D00C55B19 /* PGPAuth.app */ = {isa = PBXFileReference; explicitFileType = wrapper.application; includeInIndex = 0; path = PGPAuth.app; sourceTree = BUILT_PRODUCTS_DIR; };
		51F612CA1A0FA41D00C55B19 /* Info.plist */ = {isa = PBXFileReference; lastKnownFileType = text.plist.xml; path = Info.plist; sourceTree = "<group>"; };
		51F612CB1A0FA41D00C55B19 /* main.m */ = {isa = PBXFileReference; lastKnownFileType = sourcecode.c.objc; path = main.m; sourceTree = "<group>"; };
		51F612CD1A0FA41D00C55B19 /* AppDelegate.h */ = {isa = PBXFileReference; lastKnownFileType = sourcecode.c.h; path = AppDelegate.h; sourceTree = "<group>"; };
		51F612CE1A0FA41D00C55B19 /* AppDelegate.m */ = {isa = PBXFileReference; lastKnownFileType = sourcecode.c.objc; path = AppDelegate.m; sourceTree = "<group>"; };
		51F612D01A0FA41D00C55B19 /* ViewControllerHelpScene.h */ = {isa = PBXFileReference; lastKnownFileType = sourcecode.c.h; path = ViewControllerHelpScene.h; sourceTree = "<group>"; };
		51F612D11A0FA41D00C55B19 /* ViewControllerHelpScene.m */ = {isa = PBXFileReference; lastKnownFileType = sourcecode.c.objc; path = ViewControllerHelpScene.m; sourceTree = "<group>"; };
		51F612D41A0FA41D00C55B19 /* Base */ = {isa = PBXFileReference; lastKnownFileType = file.storyboard; name = Base; path = Base.lproj/Main.storyboard; sourceTree = "<group>"; };
		51F612D61A0FA41D00C55B19 /* Images.xcassets */ = {isa = PBXFileReference; lastKnownFileType = folder.assetcatalog; path = Images.xcassets; sourceTree = "<group>"; };
		51F612D91A0FA41D00C55B19 /* Base */ = {isa = PBXFileReference; lastKnownFileType = file.xib; name = Base; path = Base.lproj/LaunchScreen.xib; sourceTree = "<group>"; };
		51F612DF1A0FA41D00C55B19 /* PGPAuthTests.xctest */ = {isa = PBXFileReference; explicitFileType = wrapper.cfbundle; includeInIndex = 0; path = PGPAuthTests.xctest; sourceTree = BUILT_PRODUCTS_DIR; };
		51F612F11A10371400C55B19 /* ViewControllerServerList.h */ = {isa = PBXFileReference; fileEncoding = 4; lastKnownFileType = sourcecode.c.h; path = ViewControllerServerList.h; sourceTree = "<group>"; };
		51F612F21A10371400C55B19 /* ViewControllerServerList.m */ = {isa = PBXFileReference; fileEncoding = 4; lastKnownFileType = sourcecode.c.objc; path = ViewControllerServerList.m; sourceTree = "<group>"; };
		51F612F41A10398D00C55B19 /* ServerManager.h */ = {isa = PBXFileReference; fileEncoding = 4; lastKnownFileType = sourcecode.c.h; path = ServerManager.h; sourceTree = "<group>"; };
		51F612F51A10398D00C55B19 /* ServerManager.m */ = {isa = PBXFileReference; fileEncoding = 4; lastKnownFileType = sourcecode.c.objc; path = ServerManager.m; sourceTree = "<group>"; };
		51F612FA1A103B0300C55B19 /* Server.h */ = {isa = PBXFileReference; fileEncoding = 4; lastKnownFileType = sourcecode.c.h; path = Server.h; sourceTree = "<group>"; };
		51F612FB1A103B0300C55B19 /* Server.m */ = {isa = PBXFileReference; fileEncoding = 4; lastKnownFileType = sourcecode.c.objc; path = Server.m; sourceTree = "<group>"; };
		51F612FD1A10466F00C55B19 /* ViewControllerServerEditor.h */ = {isa = PBXFileReference; fileEncoding = 4; lastKnownFileType = sourcecode.c.h; path = ViewControllerServerEditor.h; sourceTree = "<group>"; };
		51F612FE1A10466F00C55B19 /* ViewControllerServerEditor.m */ = {isa = PBXFileReference; fileEncoding = 4; lastKnownFileType = sourcecode.c.objc; path = ViewControllerServerEditor.m; sourceTree = "<group>"; };
		51F613001A1052A100C55B19 /* libObjectivePGP.a */ = {isa = PBXFileReference; lastKnownFileType = archive.ar; name = libObjectivePGP.a; path = "../../ObjectivePGP/lib-ios/libObjectivePGP.a"; sourceTree = "<group>"; };
/* End PBXFileReference section */

/* Begin PBXFrameworksBuildPhase section */
		51F612C31A0FA41D00C55B19 /* Frameworks */ = {
			isa = PBXFrameworksBuildPhase;
			buildActionMask = 2147483647;
			files = (
				517EE7271A14341E00434035 /* libz.dylib in Frameworks */,
				517EE7241A1433DF00434035 /* libbz2.dylib in Frameworks */,
				51F613011A1052A100C55B19 /* libObjectivePGP.a in Frameworks */,
				517EE6B21A13FA0200434035 /* libssl.a in Frameworks */,
				517EE6B11A13FA0200434035 /* libcrypto.a in Frameworks */,
			);
			runOnlyForDeploymentPostprocessing = 0;
		};
		51F612DC1A0FA41D00C55B19 /* Frameworks */ = {
			isa = PBXFrameworksBuildPhase;
			buildActionMask = 2147483647;
			files = (
			);
			runOnlyForDeploymentPostprocessing = 0;
		};
/* End PBXFrameworksBuildPhase section */

/* Begin PBXGroup section */
		51563B771A16CC5900E2DE36 /* ControlSubclasses */ = {
			isa = PBXGroup;
			children = (
				51563B781A16CC7F00E2DE36 /* ActionButtons.h */,
				51563B791A16CC7F00E2DE36 /* ActionButtons.m */,
			);
			name = ControlSubclasses;
			sourceTree = "<group>";
		};
		51563B7E1A16FC5100E2DE36 /* Logic */ = {
			isa = PBXGroup;
			children = (
				51563B7B1A16D13D00E2DE36 /* Logic.h */,
				51563B7C1A16D13D00E2DE36 /* Logic.m */,
				51563B801A178D1200E2DE36 /* NSString_URLEncode.m */,
				51563B821A178D8B00E2DE36 /* NSString_URLEncode.h */,
				51A245511A3E165F00529EE7 /* KeyFactory.h */,
				51A245521A3E165F00529EE7 /* KeyFactory.m */,
			);
			name = Logic;
			sourceTree = "<group>";
		};
		51F612BD1A0FA41D00C55B19 = {
			isa = PBXGroup;
			children = (
				517EE7251A1433F500434035 /* libz.dylib */,
				517EE7231A1433DF00434035 /* libbz2.dylib */,
				517EE6AF1A13FA0200434035 /* libcrypto.a */,
				517EE6B01A13FA0200434035 /* libssl.a */,
				51F613001A1052A100C55B19 /* libObjectivePGP.a */,
				51F612C81A0FA41D00C55B19 /* PGPAuth */,
				51F612C71A0FA41D00C55B19 /* Products */,
			);
			sourceTree = "<group>";
		};
		51F612C71A0FA41D00C55B19 /* Products */ = {
			isa = PBXGroup;
			children = (
				51F612C61A0FA41D00C55B19 /* PGPAuth.app */,
				51F612DF1A0FA41D00C55B19 /* PGPAuthTests.xctest */,
			);
			name = Products;
			sourceTree = "<group>";
		};
		51F612C81A0FA41D00C55B19 /* PGPAuth */ = {
			isa = PBXGroup;
			children = (
				51563B7E1A16FC5100E2DE36 /* Logic */,
				51563B771A16CC5900E2DE36 /* ControlSubclasses */,
				51F612F81A103A8A00C55B19 /* Data */,
				51F612F71A10399500C55B19 /* ViewControllers */,
				51F612CD1A0FA41D00C55B19 /* AppDelegate.h */,
				51F612CE1A0FA41D00C55B19 /* AppDelegate.m */,
				51F612D31A0FA41D00C55B19 /* Main.storyboard */,
				51F612D61A0FA41D00C55B19 /* Images.xcassets */,
				51F612D81A0FA41D00C55B19 /* LaunchScreen.xib */,
				51F612C91A0FA41D00C55B19 /* Supporting Files */,
			);
			path = PGPAuth;
			sourceTree = "<group>";
		};
		51F612C91A0FA41D00C55B19 /* Supporting Files */ = {
			isa = PBXGroup;
			children = (
				51F612CA1A0FA41D00C55B19 /* Info.plist */,
				51F612CB1A0FA41D00C55B19 /* main.m */,
			);
			name = "Supporting Files";
			sourceTree = "<group>";
		};
		51F612F71A10399500C55B19 /* ViewControllers */ = {
			isa = PBXGroup;
			children = (
				51F612F11A10371400C55B19 /* ViewControllerServerList.h */,
				51F612F21A10371400C55B19 /* ViewControllerServerList.m */,
				51F612D01A0FA41D00C55B19 /* ViewControllerHelpScene.h */,
				51F612D11A0FA41D00C55B19 /* ViewControllerHelpScene.m */,
				51F612FD1A10466F00C55B19 /* ViewControllerServerEditor.h */,
				51F612FE1A10466F00C55B19 /* ViewControllerServerEditor.m */,
				51C0B53C1A13EECA00CBFF19 /* ViewControllerKeyList.h */,
				51C0B53D1A13EECA00CBFF19 /* ViewControllerKeyList.m */,
				51A2454E1A3E0DB800529EE7 /* ViewControllerNewKey.h */,
				51A2454F1A3E0DB800529EE7 /* ViewControllerNewKey.m */,
			);
			name = ViewControllers;
			sourceTree = "<group>";
		};
		51F612F81A103A8A00C55B19 /* Data */ = {
			isa = PBXGroup;
			children = (
				51F612F41A10398D00C55B19 /* ServerManager.h */,
				51F612F51A10398D00C55B19 /* ServerManager.m */,
				51F612FA1A103B0300C55B19 /* Server.h */,
				51F612FB1A103B0300C55B19 /* Server.m */,
				5167150B1A13BF9700308E31 /* KeyManager.h */,
				5167150C1A13BF9700308E31 /* KeyManager.m */,
				5167150E1A13C11700308E31 /* Key.h */,
				5167150F1A13C11700308E31 /* Key.m */,
			);
			name = Data;
			sourceTree = "<group>";
		};
/* End PBXGroup section */

/* Begin PBXNativeTarget section */
		51F612C51A0FA41D00C55B19 /* PGPAuth */ = {
			isa = PBXNativeTarget;
			buildConfigurationList = 51F612E91A0FA41D00C55B19 /* Build configuration list for PBXNativeTarget "PGPAuth" */;
			buildPhases = (
				51F612C21A0FA41D00C55B19 /* Sources */,
				51F612C31A0FA41D00C55B19 /* Frameworks */,
				51F612C41A0FA41D00C55B19 /* Resources */,
			);
			buildRules = (
			);
			dependencies = (
			);
			name = PGPAuth;
			productName = PGPAuth;
			productReference = 51F612C61A0FA41D00C55B19 /* PGPAuth.app */;
			productType = "com.apple.product-type.application";
		};
		51F612DE1A0FA41D00C55B19 /* PGPAuthTests */ = {
			isa = PBXNativeTarget;
			buildConfigurationList = 51F612EC1A0FA41D00C55B19 /* Build configuration list for PBXNativeTarget "PGPAuthTests" */;
			buildPhases = (
				51F612DB1A0FA41D00C55B19 /* Sources */,
				51F612DC1A0FA41D00C55B19 /* Frameworks */,
				51F612DD1A0FA41D00C55B19 /* Resources */,
			);
			buildRules = (
			);
			dependencies = (
				51F612E11A0FA41D00C55B19 /* PBXTargetDependency */,
			);
			name = PGPAuthTests;
			productName = PGPAuthTests;
			productReference = 51F612DF1A0FA41D00C55B19 /* PGPAuthTests.xctest */;
			productType = "com.apple.product-type.bundle.unit-test";
		};
/* End PBXNativeTarget section */

/* Begin PBXProject section */
		51F612BE1A0FA41D00C55B19 /* Project object */ = {
			isa = PBXProject;
			attributes = {
				LastUpgradeCheck = 0600;
				ORGANIZATIONNAME = LittleFox;
				TargetAttributes = {
					51F612C51A0FA41D00C55B19 = {
						CreatedOnToolsVersion = 6.1;
						DevelopmentTeam = J23VW9TNJ7;
					};
					51F612DE1A0FA41D00C55B19 = {
						CreatedOnToolsVersion = 6.1;
						TestTargetID = 51F612C51A0FA41D00C55B19;
					};
				};
			};
			buildConfigurationList = 51F612C11A0FA41D00C55B19 /* Build configuration list for PBXProject "PGPAuth" */;
			compatibilityVersion = "Xcode 3.2";
			developmentRegion = English;
			hasScannedForEncodings = 0;
			knownRegions = (
				en,
				Base,
			);
			mainGroup = 51F612BD1A0FA41D00C55B19;
			productRefGroup = 51F612C71A0FA41D00C55B19 /* Products */;
			projectDirPath = "";
			projectRoot = "";
			targets = (
				51F612C51A0FA41D00C55B19 /* PGPAuth */,
				51F612DE1A0FA41D00C55B19 /* PGPAuthTests */,
			);
		};
/* End PBXProject section */

/* Begin PBXResourcesBuildPhase section */
		51F612C41A0FA41D00C55B19 /* Resources */ = {
			isa = PBXResourcesBuildPhase;
			buildActionMask = 2147483647;
			files = (
				51F612D51A0FA41D00C55B19 /* Main.storyboard in Resources */,
				51F612DA1A0FA41D00C55B19 /* LaunchScreen.xib in Resources */,
				51F612D71A0FA41D00C55B19 /* Images.xcassets in Resources */,
			);
			runOnlyForDeploymentPostprocessing = 0;
		};
		51F612DD1A0FA41D00C55B19 /* Resources */ = {
			isa = PBXResourcesBuildPhase;
			buildActionMask = 2147483647;
			files = (
			);
			runOnlyForDeploymentPostprocessing = 0;
		};
/* End PBXResourcesBuildPhase section */

/* Begin PBXSourcesBuildPhase section */
		51F612C21A0FA41D00C55B19 /* Sources */ = {
			isa = PBXSourcesBuildPhase;
			buildActionMask = 2147483647;
			files = (
				51563B811A178D1200E2DE36 /* NSString_URLEncode.m in Sources */,
				51563B7D1A16D13D00E2DE36 /* Logic.m in Sources */,
				51563B7A1A16CC7F00E2DE36 /* ActionButtons.m in Sources */,
				51F612D21A0FA41D00C55B19 /* ViewControllerHelpScene.m in Sources */,
				51F612F61A10398D00C55B19 /* ServerManager.m in Sources */,
				51F612FF1A10466F00C55B19 /* ViewControllerServerEditor.m in Sources */,
				516715101A13C11700308E31 /* Key.m in Sources */,
				5167150D1A13BF9700308E31 /* KeyManager.m in Sources */,
				51F612CF1A0FA41D00C55B19 /* AppDelegate.m in Sources */,
				51F612CC1A0FA41D00C55B19 /* main.m in Sources */,
				51A245531A3E165F00529EE7 /* KeyFactory.m in Sources */,
				51F612FC1A103B0300C55B19 /* Server.m in Sources */,
				51A245501A3E0DB800529EE7 /* ViewControllerNewKey.m in Sources */,
				51C0B53E1A13EECA00CBFF19 /* ViewControllerKeyList.m in Sources */,
				51F612F31A10371400C55B19 /* ViewControllerServerList.m in Sources */,
			);
			runOnlyForDeploymentPostprocessing = 0;
		};
		51F612DB1A0FA41D00C55B19 /* Sources */ = {
			isa = PBXSourcesBuildPhase;
			buildActionMask = 2147483647;
			files = (
			);
			runOnlyForDeploymentPostprocessing = 0;
		};
/* End PBXSourcesBuildPhase section */

/* Begin PBXTargetDependency section */
		51F612E11A0FA41D00C55B19 /* PBXTargetDependency */ = {
			isa = PBXTargetDependency;
			target = 51F612C51A0FA41D00C55B19 /* PGPAuth */;
			targetProxy = 51F612E01A0FA41D00C55B19 /* PBXContainerItemProxy */;
		};
/* End PBXTargetDependency section */

/* Begin PBXVariantGroup section */
		51F612D31A0FA41D00C55B19 /* Main.storyboard */ = {
			isa = PBXVariantGroup;
			children = (
				51F612D41A0FA41D00C55B19 /* Base */,
			);
			name = Main.storyboard;
			sourceTree = "<group>";
		};
		51F612D81A0FA41D00C55B19 /* LaunchScreen.xib */ = {
			isa = PBXVariantGroup;
			children = (
				51F612D91A0FA41D00C55B19 /* Base */,
			);
			name = LaunchScreen.xib;
			sourceTree = "<group>";
		};
/* End PBXVariantGroup section */

/* Begin XCBuildConfiguration section */
		51F612E71A0FA41D00C55B19 /* Debug */ = {
			isa = XCBuildConfiguration;
			buildSettings = {
				ALWAYS_SEARCH_USER_PATHS = NO;
				CLANG_CXX_LANGUAGE_STANDARD = "gnu++0x";
				CLANG_CXX_LIBRARY = "libc++";
				CLANG_ENABLE_MODULES = YES;
				CLANG_ENABLE_OBJC_ARC = YES;
				CLANG_WARN_BOOL_CONVERSION = YES;
				CLANG_WARN_CONSTANT_CONVERSION = YES;
				CLANG_WARN_DIRECT_OBJC_ISA_USAGE = YES_ERROR;
				CLANG_WARN_EMPTY_BODY = YES;
				CLANG_WARN_ENUM_CONVERSION = YES;
				CLANG_WARN_INT_CONVERSION = YES;
				CLANG_WARN_OBJC_ROOT_CLASS = YES_ERROR;
				CLANG_WARN_UNREACHABLE_CODE = YES;
				CLANG_WARN__DUPLICATE_METHOD_MATCH = YES;
				"CODE_SIGN_IDENTITY[sdk=iphoneos*]" = "iPhone Developer";
				COPY_PHASE_STRIP = NO;
				ENABLE_STRICT_OBJC_MSGSEND = YES;
				GCC_C_LANGUAGE_STANDARD = gnu99;
				GCC_DYNAMIC_NO_PIC = NO;
				GCC_OPTIMIZATION_LEVEL = 0;
				GCC_PREPROCESSOR_DEFINITIONS = (
					"DEBUG=1",
					"$(inherited)",
				);
				GCC_SYMBOLS_PRIVATE_EXTERN = NO;
				GCC_WARN_64_TO_32_BIT_CONVERSION = YES;
				GCC_WARN_ABOUT_RETURN_TYPE = YES_ERROR;
				GCC_WARN_UNDECLARED_SELECTOR = YES;
				GCC_WARN_UNINITIALIZED_AUTOS = YES_AGGRESSIVE;
				GCC_WARN_UNUSED_FUNCTION = YES;
				GCC_WARN_UNUSED_VARIABLE = YES;
				IPHONEOS_DEPLOYMENT_TARGET = 8.0;
				MTL_ENABLE_DEBUG_INFO = YES;
				ONLY_ACTIVE_ARCH = YES;
				OTHER_LDFLAGS = "-ObjC";
				SDKROOT = iphoneos;
				TARGETED_DEVICE_FAMILY = "1,2";
			};
			name = Debug;
		};
		51F612E81A0FA41D00C55B19 /* Release */ = {
			isa = XCBuildConfiguration;
			buildSettings = {
				ALWAYS_SEARCH_USER_PATHS = NO;
				CLANG_CXX_LANGUAGE_STANDARD = "gnu++0x";
				CLANG_CXX_LIBRARY = "libc++";
				CLANG_ENABLE_MODULES = YES;
				CLANG_ENABLE_OBJC_ARC = YES;
				CLANG_WARN_BOOL_CONVERSION = YES;
				CLANG_WARN_CONSTANT_CONVERSION = YES;
				CLANG_WARN_DIRECT_OBJC_ISA_USAGE = YES_ERROR;
				CLANG_WARN_EMPTY_BODY = YES;
				CLANG_WARN_ENUM_CONVERSION = YES;
				CLANG_WARN_INT_CONVERSION = YES;
				CLANG_WARN_OBJC_ROOT_CLASS = YES_ERROR;
				CLANG_WARN_UNREACHABLE_CODE = YES;
				CLANG_WARN__DUPLICATE_METHOD_MATCH = YES;
				"CODE_SIGN_IDENTITY[sdk=iphoneos*]" = "iPhone Developer";
				COPY_PHASE_STRIP = YES;
				ENABLE_NS_ASSERTIONS = NO;
				ENABLE_STRICT_OBJC_MSGSEND = YES;
				GCC_C_LANGUAGE_STANDARD = gnu99;
				GCC_WARN_64_TO_32_BIT_CONVERSION = YES;
				GCC_WARN_ABOUT_RETURN_TYPE = YES_ERROR;
				GCC_WARN_UNDECLARED_SELECTOR = YES;
				GCC_WARN_UNINITIALIZED_AUTOS = YES_AGGRESSIVE;
				GCC_WARN_UNUSED_FUNCTION = YES;
				GCC_WARN_UNUSED_VARIABLE = YES;
				IPHONEOS_DEPLOYMENT_TARGET = 8.0;
				MTL_ENABLE_DEBUG_INFO = NO;
				OTHER_LDFLAGS = "-ObjC";
				SDKROOT = iphoneos;
				TARGETED_DEVICE_FAMILY = "1,2";
				VALIDATE_PRODUCT = YES;
			};
			name = Release;
		};
		51F612EA1A0FA41D00C55B19 /* Debug */ = {
			isa = XCBuildConfiguration;
			buildSettings = {
				ASSETCATALOG_COMPILER_APPICON_NAME = AppIcon;
				CODE_SIGN_IDENTITY = "iPhone Developer";
				HEADER_SEARCH_PATHS = (
					"$(inherited)",
					"/Applications/Xcode-Beta.app/Contents/Developer/Toolchains/XcodeDefault.xctoolchain/usr/include",
					"/Users/littlefox/Projects/ObjectivePGP/lib-ios/include/",
					"/Users/littlefox/Projects/OpenSSL-master/include-ios/",
				);
				INFOPLIST_FILE = "$(SRCROOT)/PGPAuth/Info.plist";
				LD_RUNPATH_SEARCH_PATHS = "$(inherited) @executable_path/Frameworks";
				LIBRARY_SEARCH_PATHS = (
					"$(inherited)",
					"/Users/littlefox/Projects/ObjectivePGP/lib-ios",
					"/Users/littlefox/Projects/OpenSSL-master/lib-ios",
				);
				PRODUCT_NAME = PGPAuth;
			};
			name = Debug;
		};
		51F612EB1A0FA41D00C55B19 /* Release */ = {
			isa = XCBuildConfiguration;
			buildSettings = {
				ASSETCATALOG_COMPILER_APPICON_NAME = AppIcon;
				CODE_SIGN_IDENTITY = "iPhone Developer";
				HEADER_SEARCH_PATHS = (
					"$(inherited)",
					"/Applications/Xcode-Beta.app/Contents/Developer/Toolchains/XcodeDefault.xctoolchain/usr/include",
					"/Users/littlefox/Projects/ObjectivePGP/lib-ios/include/",
					"/Users/littlefox/Projects/OpenSSL-master/include-ios/",
				);
				INFOPLIST_FILE = "$(SRCROOT)/PGPAuth/Info.plist";
				LD_RUNPATH_SEARCH_PATHS = "$(inherited) @executable_path/Frameworks";
				LIBRARY_SEARCH_PATHS = (
					"$(inherited)",
					"/Users/littlefox/Projects/ObjectivePGP/lib-ios",
					"/Users/littlefox/Projects/OpenSSL-master/lib-ios",
				);
				PRODUCT_NAME = PGPAuth;
			};
			name = Release;
		};
		51F612ED1A0FA41D00C55B19 /* Debug */ = {
			isa = XCBuildConfiguration;
			buildSettings = {
				BUNDLE_LOADER = "$(TEST_HOST)";
				FRAMEWORK_SEARCH_PATHS = (
					"$(SDKROOT)/Developer/Library/Frameworks",
					"$(inherited)",
				);
				GCC_PREPROCESSOR_DEFINITIONS = (
					"DEBUG=1",
					"$(inherited)",
				);
				INFOPLIST_FILE = PGPAuthTests/Info.plist;
				LD_RUNPATH_SEARCH_PATHS = "$(inherited) @executable_path/Frameworks @loader_path/Frameworks";
				PRODUCT_NAME = PGPAuthTests;
				TEST_HOST = "$(BUILT_PRODUCTS_DIR)/PGPAuth.app/PGPAuth";
			};
			name = Debug;
		};
		51F612EE1A0FA41D00C55B19 /* Release */ = {
			isa = XCBuildConfiguration;
			buildSettings = {
				BUNDLE_LOADER = "$(TEST_HOST)";
				FRAMEWORK_SEARCH_PATHS = (
					"$(SDKROOT)/Developer/Library/Frameworks",
					"$(inherited)",
				);
				INFOPLIST_FILE = PGPAuthTests/Info.plist;
				LD_RUNPATH_SEARCH_PATHS = "$(inherited) @executable_path/Frameworks @loader_path/Frameworks";
				PRODUCT_NAME = PGPAuthTests;
				TEST_HOST = "$(BUILT_PRODUCTS_DIR)/PGPAuth.app/PGPAuth";
			};
			name = Release;
		};
/* End XCBuildConfiguration section */

/* Begin XCConfigurationList section */
		51F612C11A0FA41D00C55B19 /* Build configuration list for PBXProject "PGPAuth" */ = {
			isa = XCConfigurationList;
			buildConfigurations = (
				51F612E71A0FA41D00C55B19 /* Debug */,
				51F612E81A0FA41D00C55B19 /* Release */,
			);
			defaultConfigurationIsVisible = 0;
			defaultConfigurationName = Release;
		};
		51F612E91A0FA41D00C55B19 /* Build configuration list for PBXNativeTarget "PGPAuth" */ = {
			isa = XCConfigurationList;
			buildConfigurations = (
				51F612EA1A0FA41D00C55B19 /* Debug */,
				51F612EB1A0FA41D00C55B19 /* Release */,
			);
			defaultConfigurationIsVisible = 0;
			defaultConfigurationName = Release;
		};
		51F612EC1A0FA41D00C55B19 /* Build configuration list for PBXNativeTarget "PGPAuthTests" */ = {
			isa = XCConfigurationList;
			buildConfigurations = (
				51F612ED1A0FA41D00C55B19 /* Debug */,
				51F612EE1A0FA41D00C55B19 /* Release */,
			);
			defaultConfigurationIsVisible = 0;
			defaultConfigurationName = Release;
		};
/* End XCConfigurationList section */
	};
	rootObject = 51F612BE1A0FA41D00C55B19 /* Project object */;
}
